$ terraform init

Initializing the backend...

Initializing provider plugins...
- Finding latest version of hashicorp/google...
- Installing hashicorp/google v3.39.0...
- Installed hashicorp/google v3.39.0 (signed by HashiCorp)

The following providers do not have any version constraints in configuration,
so the latest version was installed.

To prevent automatic upgrades to new major versions that may contain breaking
changes, we recommend adding version constraints in a required_providers block
in your configuration, with the constraint strings suggested below.

* hashicorp/google: version = "~> 3.39.0"

Terraform has been successfully initialized!

You may now begin working with Terraform. Try running "terraform plan" to see
any changes that are required for your infrastructure. All Terraform commands
should now work.

If you ever set or change modules or backend configuration for Terraform,
rerun this command to reinitialize your working directory. If you forget, other
commands will detect it and remind you to do so if necessary.
$ terraform apply

An execution plan has been generated and is shown below.
Resource actions are indicated with the following symbols:
  + create

Terraform will perform the following actions:

  # google_bigquery_dataset.default will be created
  + resource "google_bigquery_dataset" "default" {
      + creation_time              = (known after apply)
      + dataset_id                 = "something"
      + delete_contents_on_destroy = false
      + etag                       = (known after apply)
      + id                         = (known after apply)
      + last_modified_time         = (known after apply)
      + location                   = "US"
      + project                    = (known after apply)
      + self_link                  = (known after apply)

      + access {
          + domain         = (known after apply)
          + group_by_email = (known after apply)
          + role           = (known after apply)
          + special_group  = (known after apply)
          + user_by_email  = (known after apply)

          + view {
              + dataset_id = (known after apply)
              + project_id = (known after apply)
              + table_id   = (known after apply)
            }
        }
    }

  # google_bigquery_table.default will be created
  + resource "google_bigquery_table" "default" {
      + creation_time       = (known after apply)
      + dataset_id          = "something"
      + etag                = (known after apply)
      + expiration_time     = (known after apply)
      + id                  = (known after apply)
      + last_modified_time  = (known after apply)
      + location            = (known after apply)
      + num_bytes           = (known after apply)
      + num_long_term_bytes = (known after apply)
      + num_rows            = (known after apply)
      + project             = (known after apply)
      + schema              = jsonencode([])
      + self_link           = (known after apply)
      + table_id            = "something"
      + type                = (known after apply)
    }

Plan: 2 to add, 0 to change, 0 to destroy.

Do you want to perform these actions?
  Terraform will perform the actions described above.
  Only 'yes' will be accepted to approve.

  Enter a value: yes

google_bigquery_dataset.default: Creating...
google_bigquery_dataset.default: Creation complete after 1s [id=projects/sada-slava-maslennikov/datasets/something]
google_bigquery_table.default: Creating...
google_bigquery_table.default: Creation complete after 1s [id=projects/sada-slava-maslennikov/datasets/something/tables/something]

Apply complete! Resources: 2 added, 0 changed, 0 destroyed.
$ terraform apply
google_bigquery_dataset.default: Refreshing state... [id=projects/sada-slava-maslennikov/datasets/something]
google_bigquery_table.default: Refreshing state... [id=projects/sada-slava-maslennikov/datasets/something/tables/something]

Error: rpc error: code = Canceled desc = context canceled


panic: interface conversion: interface {} is nil, not []interface {}
2020-09-17T17:17:43.827-0700 [DEBUG] plugin.terraform-provider-google_v3.39.0_x5:
2020-09-17T17:17:43.827-0700 [DEBUG] plugin.terraform-provider-google_v3.39.0_x5: goroutine 12 [running]:
2020-09-17T17:17:43.827-0700 [DEBUG] plugin.terraform-provider-google_v3.39.0_x5: github.com/hashicorp/terraform-provider-google/google.JSONBytesEqual(0xc000e9cc78, 0x4, 0x8, 0xc000e9cc80, 0x2, 0x8, 0x22e54c0, 0x70000c00075d060, 0xffffffffffffffff)
2020-09-17T17:17:43.827-0700 [DEBUG] plugin.terraform-provider-google_v3.39.0_x5:       /opt/teamcity-agent/work/5d79fe75d4460a2f/src/github.com/hashicorp/terraform-provider-google/google/resource_bigquery_table.go:34 +0x44b
2020-09-17T17:17:43.827-0700 [DEBUG] plugin.terraform-provider-google_v3.39.0_x5: github.com/hashicorp/terraform-provider-google/google.bigQueryTableSchemaDiffSuppress(0x292e082, 0x6, 0xc000e9c4b8, 0x4, 0xc000e9cc70, 0x2, 0xc000506460, 0xc000d45500)
2020-09-17T17:17:43.827-0700 [DEBUG] plugin.terraform-provider-google_v3.39.0_x5:       /opt/teamcity-agent/work/5d79fe75d4460a2f/src/github.com/hashicorp/terraform-provider-google/google/resource_bigquery_table.go:59 +0xbd
2020-09-17T17:17:43.827-0700 [DEBUG] plugin.terraform-provider-google_v3.39.0_x5: github.com/hashicorp/terraform-plugin-sdk/helper/schema.schemaMap.diff(0xc000893e30, 0x292e082, 0x6, 0xc000989cc0, 0xc000aadfa0, 0x2e84860, 0xc000506460, 0xc000d45700, 0x0, 0x0)
2020-09-17T17:17:43.827-0700 [DEBUG] plugin.terraform-provider-google_v3.39.0_x5:       /opt/teamcity-agent/work/5d79fe75d4460a2f/pkg/mod/github.com/hashicorp/terraform-plugin-sdk@v1.11.0/helper/schema/schema.go:967 +0x37c
2020-09-17T17:17:43.827-0700 [DEBUG] plugin.terraform-provider-google_v3.39.0_x5: github.com/hashicorp/terraform-plugin-sdk/helper/schema.schemaMap.Diff(0xc000893e30, 0xc000a0a910, 0xc000f01e00, 0x0, 0x254fc80, 0xc00076ce00, 0x2e56f00, 0x22adda0, 0xffffffffffffffff, 0x0)
2020-09-17T17:17:43.827-0700 [DEBUG] plugin.terraform-provider-google_v3.39.0_x5:       /opt/teamcity-agent/work/5d79fe75d4460a2f/pkg/mod/github.com/hashicorp/terraform-plugin-sdk@v1.11.0/helper/schema/schema.go:506 +0x215
2020-09-17T17:17:43.827-0700 [DEBUG] plugin.terraform-provider-google_v3.39.0_x5: github.com/hashicorp/terraform-plugin-sdk/helper/schema.(*Resource).simpleDiff(0xc00098e510, 0xc000a0a910, 0xc000f01e00, 0x254fc80, 0xc00076ce00, 0xc000f01e01, 0x0, 0x0)
2020-09-17T17:17:43.827-0700 [DEBUG] plugin.terraform-provider-google_v3.39.0_x5:       /opt/teamcity-agent/work/5d79fe75d4460a2f/pkg/mod/github.com/hashicorp/terraform-plugin-sdk@v1.11.0/helper/schema/resource.go:356 +0x85
2020-09-17T17:17:43.827-0700 [DEBUG] plugin.terraform-provider-google_v3.39.0_x5: github.com/hashicorp/terraform-plugin-sdk/helper/schema.(*Provider).SimpleDiff(0xc0001a0080, 0xc000d45a98, 0xc000a0a910, 0xc000f01e00, 0xc000ab4ea0, 0xc000f01e00, 0x0)
2020-09-17T17:17:43.827-0700 [DEBUG] plugin.terraform-provider-google_v3.39.0_x5:       /opt/teamcity-agent/work/5d79fe75d4460a2f/pkg/mod/github.com/hashicorp/terraform-plugin-sdk@v1.11.0/helper/schema/provider.go:321 +0x99
2020-09-17T17:17:43.827-0700 [DEBUG] plugin.terraform-provider-google_v3.39.0_x5: github.com/hashicorp/terraform-plugin-sdk/internal/helper/plugin.(*GRPCProviderServer).PlanResourceChange(0xc00014f200, 0x2e55ee0, 0xc000ab4e70, 0xc000254150, 0xc00014f200, 0xc000ab4e70, 0xc000f12ba0)
2020-09-17T17:17:43.827-0700 [DEBUG] plugin.terraform-provider-google_v3.39.0_x5:       /opt/teamcity-agent/work/5d79fe75d4460a2f/pkg/mod/github.com/hashicorp/terraform-plugin-sdk@v1.11.0/internal/helper/plugin/grpc_provider.go:633 +0x79c
2020-09-17T17:17:43.827-0700 [DEBUG] plugin.terraform-provider-google_v3.39.0_x5: github.com/hashicorp/terraform-plugin-sdk/internal/tfplugin5._Provider_PlanResourceChange_Handler(0x289fc20, 0xc00014f200, 0x2e55ee0, 0xc000ab4e70, 0xc000ea6420, 0x0, 0x2e55ee0, 0xc000ab4e70, 0xc000210300, 0x624)
2020-09-17T17:17:43.827-0700 [DEBUG] plugin.terraform-provider-google_v3.39.0_x5:       /opt/teamcity-agent/work/5d79fe75d4460a2f/pkg/mod/github.com/hashicorp/terraform-plugin-sdk@v1.11.0/internal/tfplugin5/tfplugin5.pb.go:3287 +0x217
2020-09-17T17:17:43.827-0700 [DEBUG] plugin.terraform-provider-google_v3.39.0_x5: google.golang.org/grpc.(*Server).processUnaryRPC(0xc000209500, 0x2e8cea0, 0xc000702c00, 0xc00019e100, 0xc00098a600, 0x3e7f7e8, 0x0, 0x0, 0x0)
2020-09-17T17:17:43.827-0700 [DEBUG] plugin.terraform-provider-google_v3.39.0_x5:       /opt/teamcity-agent/work/5d79fe75d4460a2f/pkg/mod/google.golang.org/grpc@v1.31.1/server.go:1180 +0x50a
2020-09-17T17:17:43.827-0700 [DEBUG] plugin.terraform-provider-google_v3.39.0_x5: google.golang.org/grpc.(*Server).handleStream(0xc000209500, 0x2e8cea0, 0xc000702c00, 0xc00019e100, 0x0)
2020-09-17T17:17:43.827-0700 [DEBUG] plugin.terraform-provider-google_v3.39.0_x5:       /opt/teamcity-agent/work/5d79fe75d4460a2f/pkg/mod/google.golang.org/grpc@v1.31.1/server.go:1503 +0xcfd
2020-09-17T17:17:43.827-0700 [DEBUG] plugin.terraform-provider-google_v3.39.0_x5: google.golang.org/grpc.(*Server).serveStreams.func1.2(0xc000128b80, 0xc000209500, 0x2e8cea0, 0xc000702c00, 0xc00019e100)
2020-09-17T17:17:43.827-0700 [DEBUG] plugin.terraform-provider-google_v3.39.0_x5:       /opt/teamcity-agent/work/5d79fe75d4460a2f/pkg/mod/google.golang.org/grpc@v1.31.1/server.go:843 +0xa1
2020-09-17T17:17:43.827-0700 [DEBUG] plugin.terraform-provider-google_v3.39.0_x5: created by google.golang.org/grpc.(*Server).serveStreams.func1
2020-09-17T17:17:43.827-0700 [DEBUG] plugin.terraform-provider-google_v3.39.0_x5:       /opt/teamcity-agent/work/5d79fe75d4460a2f/pkg/mod/google.golang.org/grpc@v1.31.1/server.go:841 +0x204
2020-09-17T17:17:43.828-0700 [DEBUG] plugin: plugin process exited: path=.terraform/plugins/registry.terraform.io/hashicorp/google/3.39.0/linux_amd64/terraform-provider-google_v3.39.0_x5 pid=2231938 error="exit status 2"
2020/09/17 17:17:43 [ERROR] eval: *terraform.EvalDiff, err: rpc error: code = Canceled desc = context canceled
2020/09/17 17:17:43 [ERROR] eval: *terraform.EvalSequence, err: rpc error: code = Canceled desc = context canceled
2020/09/17 17:17:43 [TRACE] [walkPlan] Exiting eval tree: google_bigquery_table.default
2020/09/17 17:17:43 [TRACE] vertex "google_bigquery_table.default": visit complete
2020/09/17 17:17:43 [TRACE] vertex "google_bigquery_table.default": dynamic subgraph encountered errors
2020/09/17 17:17:43 [TRACE] vertex "google_bigquery_table.default": visit complete
2020/09/17 17:17:43 [TRACE] vertex "google_bigquery_table.default (expand)": dynamic subgraph encountered errors
2020/09/17 17:17:43 [TRACE] vertex "google_bigquery_table.default (expand)": visit complete
2020/09/17 17:17:43 [TRACE] dag/walk: upstream of "provider[\"registry.terraform.io/hashicorp/google\"] (close)" errored, so skipping
2020/09/17 17:17:43 [TRACE] dag/walk: upstream of "meta.count-boundary (EachMode fixup)" errored, so skipping
2020/09/17 17:17:43 [TRACE] dag/walk: upstream of "root" errored, so skipping
2020/09/17 17:17:43 [TRACE] statemgr.Filesystem: removing lock metadata file .terraform.tfstate.lock.info
2020/09/17 17:17:43 [TRACE] statemgr.Filesystem: unlocking terraform.tfstate using fcntl flock
2020-09-17T17:17:43.829-0700 [DEBUG] plugin: plugin exited



!!!!!!!!!!!!!!!!!!!!!!!!!!! TERRAFORM CRASH !!!!!!!!!!!!!!!!!!!!!!!!!!!!
Terraform crashed! This is always indicative of a bug within Terraform.
A crash log has been placed at "crash.log" relative to your current
working directory. It would be immensely helpful if you could please
report the crash with Terraform[1] so that we can fix this.

When reporting bugs, please include your terraform version. That
information is available on the first line of crash.log. You can also
get it by running 'terraform --version' on the command line.

SECURITY WARNING: the "crash.log" file that was created may contain
sensitive information that must be redacted before it is safe to share
on the issue tracker.

[1]: https://github.com/hashicorp/terraform/issues

!!!!!!!!!!!!!!!!!!!!!!!!!!! TERRAFORM CRASH !!!!!!!!!!!!!!!!!!!!!!!!!!!!
